
Microsoft Visual Studio Solution File, Format Version 12.00
# Visual Studio Version 17
VisualStudioVersion = 17.14.36310.24 d17.14
MinimumVisualStudioVersion = 10.0.40219.1
Project("{8BC9CEB8-8B4A-11D0-8D11-00A0C91BC942}") = "25. K 个一组翻转链表", "25. K 个一组翻转链表\25. K 个一组翻转链表.vcxproj", "{F9D35BD9-E29B-4569-973B-A1D1F9D5109F}"
EndProject
Global
	GlobalSection(SolutionConfigurationPlatforms) = preSolution
		Debug|x64 = Debug|x64
		Debug|x86 = Debug|x86
		Release|x64 = Release|x64
		Release|x86 = Release|x86
	EndGlobalSection
	GlobalSection(ProjectConfigurationPlatforms) = postSolution
		{F9D35BD9-E29B-4569-973B-A1D1F9D5109F}.Debug|x64.ActiveCfg = Debug|x64
		{F9D35BD9-E29B-4569-973B-A1D1F9D5109F}.Debug|x64.Build.0 = Debug|x64
		{F9D35BD9-E29B-4569-973B-A1D1F9D5109F}.Debug|x86.ActiveCfg = Debug|Win32
		{F9D35BD9-E29B-4569-973B-A1D1F9D5109F}.Debug|x86.Build.0 = Debug|Win32
		{F9D35BD9-E29B-4569-973B-A1D1F9D5109F}.Release|x64.ActiveCfg = Release|x64
		{F9D35BD9-E29B-4569-973B-A1D1F9D5109F}.Release|x64.Build.0 = Release|x64
		{F9D35BD9-E29B-4569-973B-A1D1F9D5109F}.Release|x86.ActiveCfg = Release|Win32
		{F9D35BD9-E29B-4569-973B-A1D1F9D5109F}.Release|x86.Build.0 = Release|Win32
	EndGlobalSection
	GlobalSection(SolutionProperties) = preSolution
		HideSolutionNode = FALSE
	EndGlobalSection
	GlobalSection(ExtensibilityGlobals) = postSolution
		SolutionGuid = {97A58F0C-733E-4229-993B-419811EE8840}
	EndGlobalSection
EndGlobal
